
Microsoft Visual Studio Solution File, Format Version 12.00
# Visual Studio Version 16
VisualStudioVersion = 16.0.29806.167
MinimumVisualStudioVersion = 10.0.40219.1
Project("{9A19103F-16F7-4668-BE54-9A1E7A4F7556}") = "BinaryTree", "BinaryTree\BinaryTree.csproj", "{0D9E8F7F-D9F4-45A8-8B36-A352426F571F}"
EndProject
Project("{FAE04EC0-301F-11D3-BF4B-00C04F79EFBC}") = "BinaryTree.Tests", "BinaryTree.Tests\BinaryTree.Tests.csproj", "{569ED3A5-8856-4968-A1D7-7D1DA7E450B9}"
EndProject
Global
	GlobalSection(SolutionConfigurationPlatforms) = preSolution
		Debug|Any CPU = Debug|Any CPU
		Release|Any CPU = Release|Any CPU
	EndGlobalSection
	GlobalSection(ProjectConfigurationPlatforms) = postSolution
		{0D9E8F7F-D9F4-45A8-8B36-A352426F571F}.Debug|Any CPU.ActiveCfg = Debug|Any CPU
		{0D9E8F7F-D9F4-45A8-8B36-A352426F571F}.Debug|Any CPU.Build.0 = Debug|Any CPU
		{0D9E8F7F-D9F4-45A8-8B36-A352426F571F}.Release|Any CPU.ActiveCfg = Release|Any CPU
		{0D9E8F7F-D9F4-45A8-8B36-A352426F571F}.Release|Any CPU.Build.0 = Release|Any CPU
		{569ED3A5-8856-4968-A1D7-7D1DA7E450B9}.Debug|Any CPU.ActiveCfg = Debug|Any CPU
		{569ED3A5-8856-4968-A1D7-7D1DA7E450B9}.Debug|Any CPU.Build.0 = Debug|Any CPU
		{569ED3A5-8856-4968-A1D7-7D1DA7E450B9}.Release|Any CPU.ActiveCfg = Release|Any CPU
		{569ED3A5-8856-4968-A1D7-7D1DA7E450B9}.Release|Any CPU.Build.0 = Release|Any CPU
	EndGlobalSection
	GlobalSection(SolutionProperties) = preSolution
		HideSolutionNode = FALSE
	EndGlobalSection
	GlobalSection(ExtensibilityGlobals) = postSolution
		SolutionGuid = {611B6953-9260-49AA-9DEC-50403A8D1985}
	EndGlobalSection
EndGlobal
